// !$*UTF8*$!
{
	archiveVersion = 1;
	classes = {
	};
	objectVersion = 50;
	objects = {

/* Begin PBXBuildFile section */
		DD02C30426F9C5D8008FFCD0 /* MainViewController.swift in Sources */ = {isa = PBXBuildFile; fileRef = DD02C30326F9C5D8008FFCD0 /* MainViewController.swift */; };
		DD02C30A26F9C7EB008FFCD0 /* MainCell.swift in Sources */ = {isa = PBXBuildFile; fileRef = DD02C30826F9C7EB008FFCD0 /* MainCell.swift */; };
		DD02C30B26F9C7EB008FFCD0 /* MainCell.xib in Resources */ = {isa = PBXBuildFile; fileRef = DD02C30926F9C7EB008FFCD0 /* MainCell.xib */; };
		DD02C30E26F9CCB6008FFCD0 /* SBCardPopupViewController.swift in Sources */ = {isa = PBXBuildFile; fileRef = DD02C30D26F9CCB6008FFCD0 /* SBCardPopupViewController.swift */; };
		DD5632FE26F9237D005B0CBD /* AppDelegate.swift in Sources */ = {isa = PBXBuildFile; fileRef = DD5632FD26F9237D005B0CBD /* AppDelegate.swift */; };
		DD56330026F9237D005B0CBD /* SceneDelegate.swift in Sources */ = {isa = PBXBuildFile; fileRef = DD5632FF26F9237D005B0CBD /* SceneDelegate.swift */; };
		DD56330226F9237D005B0CBD /* DetailViewController.swift in Sources */ = {isa = PBXBuildFile; fileRef = DD56330126F9237D005B0CBD /* DetailViewController.swift */; };
		DD56330526F9237D005B0CBD /* Main.storyboard in Resources */ = {isa = PBXBuildFile; fileRef = DD56330326F9237D005B0CBD /* Main.storyboard */; };
		DD56330726F9237F005B0CBD /* Assets.xcassets in Resources */ = {isa = PBXBuildFile; fileRef = DD56330626F9237F005B0CBD /* Assets.xcassets */; };
		DD56330A26F9237F005B0CBD /* LaunchScreen.storyboard in Resources */ = {isa = PBXBuildFile; fileRef = DD56330826F9237F005B0CBD /* LaunchScreen.storyboard */; };
		DD56331C26F924E7005B0CBD /* AutoGallery.swift in Sources */ = {isa = PBXBuildFile; fileRef = DD56331B26F924E7005B0CBD /* AutoGallery.swift */; };
		DD56332026F92C23005B0CBD /* Extensions.swift in Sources */ = {isa = PBXBuildFile; fileRef = DD56331F26F92C23005B0CBD /* Extensions.swift */; };
		DD56332326F92C42005B0CBD /* DismissButton.swift in Sources */ = {isa = PBXBuildFile; fileRef = DD56332226F92C42005B0CBD /* DismissButton.swift */; };
		DD56332826F92F55005B0CBD /* CarCell.swift in Sources */ = {isa = PBXBuildFile; fileRef = DD56332626F92F55005B0CBD /* CarCell.swift */; };
		DD56332926F92F55005B0CBD /* CarCell.xib in Resources */ = {isa = PBXBuildFile; fileRef = DD56332726F92F55005B0CBD /* CarCell.xib */; };
		DD56332D26F93652005B0CBD /* NavigationCell.swift in Sources */ = {isa = PBXBuildFile; fileRef = DD56332B26F93652005B0CBD /* NavigationCell.swift */; };
		DD56332E26F93652005B0CBD /* NavigationCell.xib in Resources */ = {isa = PBXBuildFile; fileRef = DD56332C26F93652005B0CBD /* NavigationCell.xib */; };
		DD6260E826F9FE90005F839F /* ConfigureMainScreenViewController.swift in Sources */ = {isa = PBXBuildFile; fileRef = DD6260E726F9FE90005F839F /* ConfigureMainScreenViewController.swift */; };
		DD6260EF26FA02F4005F839F /* CustomButton.swift in Sources */ = {isa = PBXBuildFile; fileRef = DD6260EE26FA02F4005F839F /* CustomButton.swift */; };
/* End PBXBuildFile section */

/* Begin PBXFileReference section */
		DD02C30326F9C5D8008FFCD0 /* MainViewController.swift */ = {isa = PBXFileReference; lastKnownFileType = sourcecode.swift; path = MainViewController.swift; sourceTree = "<group>"; };
		DD02C30826F9C7EB008FFCD0 /* MainCell.swift */ = {isa = PBXFileReference; lastKnownFileType = sourcecode.swift; path = MainCell.swift; sourceTree = "<group>"; };
		DD02C30926F9C7EB008FFCD0 /* MainCell.xib */ = {isa = PBXFileReference; lastKnownFileType = file.xib; path = MainCell.xib; sourceTree = "<group>"; };
		DD02C30D26F9CCB6008FFCD0 /* SBCardPopupViewController.swift */ = {isa = PBXFileReference; fileEncoding = 4; lastKnownFileType = sourcecode.swift; path = SBCardPopupViewController.swift; sourceTree = "<group>"; };
		DD5632FA26F9237D005B0CBD /* Auto gallery.app */ = {isa = PBXFileReference; explicitFileType = wrapper.application; includeInIndex = 0; path = "Auto gallery.app"; sourceTree = BUILT_PRODUCTS_DIR; };
		DD5632FD26F9237D005B0CBD /* AppDelegate.swift */ = {isa = PBXFileReference; lastKnownFileType = sourcecode.swift; path = AppDelegate.swift; sourceTree = "<group>"; };
		DD5632FF26F9237D005B0CBD /* SceneDelegate.swift */ = {isa = PBXFileReference; lastKnownFileType = sourcecode.swift; path = SceneDelegate.swift; sourceTree = "<group>"; };
		DD56330126F9237D005B0CBD /* DetailViewController.swift */ = {isa = PBXFileReference; lastKnownFileType = sourcecode.swift; path = DetailViewController.swift; sourceTree = "<group>"; };
		DD56330426F9237D005B0CBD /* Base */ = {isa = PBXFileReference; lastKnownFileType = file.storyboard; name = Base; path = Base.lproj/Main.storyboard; sourceTree = "<group>"; };
		DD56330626F9237F005B0CBD /* Assets.xcassets */ = {isa = PBXFileReference; lastKnownFileType = folder.assetcatalog; path = Assets.xcassets; sourceTree = "<group>"; };
		DD56330926F9237F005B0CBD /* Base */ = {isa = PBXFileReference; lastKnownFileType = file.storyboard; name = Base; path = Base.lproj/LaunchScreen.storyboard; sourceTree = "<group>"; };
		DD56330B26F9237F005B0CBD /* Info.plist */ = {isa = PBXFileReference; lastKnownFileType = text.plist.xml; path = Info.plist; sourceTree = "<group>"; };
		DD56331B26F924E7005B0CBD /* AutoGallery.swift */ = {isa = PBXFileReference; lastKnownFileType = sourcecode.swift; path = AutoGallery.swift; sourceTree = "<group>"; };
		DD56331F26F92C23005B0CBD /* Extensions.swift */ = {isa = PBXFileReference; lastKnownFileType = sourcecode.swift; path = Extensions.swift; sourceTree = "<group>"; };
		DD56332226F92C42005B0CBD /* DismissButton.swift */ = {isa = PBXFileReference; lastKnownFileType = sourcecode.swift; path = DismissButton.swift; sourceTree = "<group>"; };
		DD56332626F92F55005B0CBD /* CarCell.swift */ = {isa = PBXFileReference; lastKnownFileType = sourcecode.swift; path = CarCell.swift; sourceTree = "<group>"; };
		DD56332726F92F55005B0CBD /* CarCell.xib */ = {isa = PBXFileReference; lastKnownFileType = file.xib; path = CarCell.xib; sourceTree = "<group>"; };
		DD56332B26F93652005B0CBD /* NavigationCell.swift */ = {isa = PBXFileReference; lastKnownFileType = sourcecode.swift; path = NavigationCell.swift; sourceTree = "<group>"; };
		DD56332C26F93652005B0CBD /* NavigationCell.xib */ = {isa = PBXFileReference; lastKnownFileType = file.xib; path = NavigationCell.xib; sourceTree = "<group>"; };
		DD6260E726F9FE90005F839F /* ConfigureMainScreenViewController.swift */ = {isa = PBXFileReference; lastKnownFileType = sourcecode.swift; path = ConfigureMainScreenViewController.swift; sourceTree = "<group>"; };
		DD6260EE26FA02F4005F839F /* CustomButton.swift */ = {isa = PBXFileReference; fileEncoding = 4; lastKnownFileType = sourcecode.swift; path = CustomButton.swift; sourceTree = "<group>"; };
/* End PBXFileReference section */

/* Begin PBXFrameworksBuildPhase section */
		DD5632F726F9237D005B0CBD /* Frameworks */ = {
			isa = PBXFrameworksBuildPhase;
			buildActionMask = 2147483647;
			files = (
			);
			runOnlyForDeploymentPostprocessing = 0;
		};
/* End PBXFrameworksBuildPhase section */

/* Begin PBXGroup section */
		DD02C30626F9C7B3008FFCD0 /* DetailCells */ = {
			isa = PBXGroup;
			children = (
				DD56332626F92F55005B0CBD /* CarCell.swift */,
				DD56332726F92F55005B0CBD /* CarCell.xib */,
				DD56332B26F93652005B0CBD /* NavigationCell.swift */,
				DD56332C26F93652005B0CBD /* NavigationCell.xib */,
			);
			path = DetailCells;
			sourceTree = "<group>";
		};
		DD02C30726F9C7C1008FFCD0 /* MainCells */ = {
			isa = PBXGroup;
			children = (
				DD02C30826F9C7EB008FFCD0 /* MainCell.swift */,
				DD02C30926F9C7EB008FFCD0 /* MainCell.xib */,
			);
			path = MainCells;
			sourceTree = "<group>";
		};
		DD5632F126F9237D005B0CBD = {
			isa = PBXGroup;
			children = (
				DD5632FC26F9237D005B0CBD /* Auto gallery */,
				DD5632FB26F9237D005B0CBD /* Products */,
			);
			sourceTree = "<group>";
		};
		DD5632FB26F9237D005B0CBD /* Products */ = {
			isa = PBXGroup;
			children = (
				DD5632FA26F9237D005B0CBD /* Auto gallery.app */,
			);
			name = Products;
			sourceTree = "<group>";
		};
		DD5632FC26F9237D005B0CBD /* Auto gallery */ = {
			isa = PBXGroup;
			children = (
				DD56331326F92456005B0CBD /* Controllers */,
				DD56331226F9244D005B0CBD /* Storyboards */,
				DD56331A26F924DE005B0CBD /* Model */,
				DD56331726F9248A005B0CBD /* Application  */,
				DD56331626F9247D005B0CBD /* Helpers */,
				DD56331526F92468005B0CBD /* CollectionViewCells */,
				DD56331426F9245E005B0CBD /* CustomViews */,
				DD56330626F9237F005B0CBD /* Assets.xcassets */,
				DD56330B26F9237F005B0CBD /* Info.plist */,
			);
			path = "Auto gallery";
			sourceTree = "<group>";
		};
		DD56331226F9244D005B0CBD /* Storyboards */ = {
			isa = PBXGroup;
			children = (
				DD56330326F9237D005B0CBD /* Main.storyboard */,
				DD56330826F9237F005B0CBD /* LaunchScreen.storyboard */,
			);
			path = Storyboards;
			sourceTree = "<group>";
		};
		DD56331326F92456005B0CBD /* Controllers */ = {
			isa = PBXGroup;
			children = (
				DD56330126F9237D005B0CBD /* DetailViewController.swift */,
				DD02C30326F9C5D8008FFCD0 /* MainViewController.swift */,
				DD6260E726F9FE90005F839F /* ConfigureMainScreenViewController.swift */,
				DD02C30D26F9CCB6008FFCD0 /* SBCardPopupViewController.swift */,
			);
			path = Controllers;
			sourceTree = "<group>";
		};
		DD56331426F9245E005B0CBD /* CustomViews */ = {
			isa = PBXGroup;
			children = (
				DD6260EE26FA02F4005F839F /* CustomButton.swift */,
				DD56332226F92C42005B0CBD /* DismissButton.swift */,
			);
			path = CustomViews;
			sourceTree = "<group>";
		};
		DD56331526F92468005B0CBD /* CollectionViewCells */ = {
			isa = PBXGroup;
			children = (
				DD02C30726F9C7C1008FFCD0 /* MainCells */,
				DD02C30626F9C7B3008FFCD0 /* DetailCells */,
			);
			path = CollectionViewCells;
			sourceTree = "<group>";
		};
		DD56331626F9247D005B0CBD /* Helpers */ = {
			isa = PBXGroup;
			children = (
				DD56331F26F92C23005B0CBD /* Extensions.swift */,
			);
			path = Helpers;
			sourceTree = "<group>";
		};
		DD56331726F9248A005B0CBD /* Application  */ = {
			isa = PBXGroup;
			children = (
				DD5632FD26F9237D005B0CBD /* AppDelegate.swift */,
				DD5632FF26F9237D005B0CBD /* SceneDelegate.swift */,
			);
			path = "Application ";
			sourceTree = "<group>";
		};
		DD56331A26F924DE005B0CBD /* Model */ = {
			isa = PBXGroup;
			children = (
				DD56331B26F924E7005B0CBD /* AutoGallery.swift */,
			);
			path = Model;
			sourceTree = "<group>";
		};
/* End PBXGroup section */

/* Begin PBXNativeTarget section */
		DD5632F926F9237D005B0CBD /* Auto gallery */ = {
			isa = PBXNativeTarget;
			buildConfigurationList = DD56330E26F9237F005B0CBD /* Build configuration list for PBXNativeTarget "Auto gallery" */;
			buildPhases = (
				DD5632F626F9237D005B0CBD /* Sources */,
				DD5632F726F9237D005B0CBD /* Frameworks */,
				DD5632F826F9237D005B0CBD /* Resources */,
			);
			buildRules = (
			);
			dependencies = (
			);
			name = "Auto gallery";
			productName = "Auto gallery";
			productReference = DD5632FA26F9237D005B0CBD /* Auto gallery.app */;
			productType = "com.apple.product-type.application";
		};
/* End PBXNativeTarget section */

/* Begin PBXProject section */
		DD5632F226F9237D005B0CBD /* Project object */ = {
			isa = PBXProject;
			attributes = {
				LastSwiftUpdateCheck = 1240;
				LastUpgradeCheck = 1240;
				TargetAttributes = {
					DD5632F926F9237D005B0CBD = {
						CreatedOnToolsVersion = 12.4;
					};
				};
			};
			buildConfigurationList = DD5632F526F9237D005B0CBD /* Build configuration list for PBXProject "Auto gallery" */;
			compatibilityVersion = "Xcode 9.3";
			developmentRegion = en;
			hasScannedForEncodings = 0;
			knownRegions = (
				en,
				Base,
			);
			mainGroup = DD5632F126F9237D005B0CBD;
			productRefGroup = DD5632FB26F9237D005B0CBD /* Products */;
			projectDirPath = "";
			projectRoot = "";
			targets = (
				DD5632F926F9237D005B0CBD /* Auto gallery */,
			);
		};
/* End PBXProject section */

/* Begin PBXResourcesBuildPhase section */
		DD5632F826F9237D005B0CBD /* Resources */ = {
			isa = PBXResourcesBuildPhase;
			buildActionMask = 2147483647;
			files = (
				DD56332E26F93652005B0CBD /* NavigationCell.xib in Resources */,
				DD56330A26F9237F005B0CBD /* LaunchScreen.storyboard in Resources */,
				DD02C30B26F9C7EB008FFCD0 /* MainCell.xib in Resources */,
				DD56330726F9237F005B0CBD /* Assets.xcassets in Resources */,
				DD56332926F92F55005B0CBD /* CarCell.xib in Resources */,
				DD56330526F9237D005B0CBD /* Main.storyboard in Resources */,
			);
			runOnlyForDeploymentPostprocessing = 0;
		};
/* End PBXResourcesBuildPhase section */

/* Begin PBXSourcesBuildPhase section */
		DD5632F626F9237D005B0CBD /* Sources */ = {
			isa = PBXSourcesBuildPhase;
			buildActionMask = 2147483647;
			files = (
				DD56332326F92C42005B0CBD /* DismissButton.swift in Sources */,
				DD56332026F92C23005B0CBD /* Extensions.swift in Sources */,
				DD56330226F9237D005B0CBD /* DetailViewController.swift in Sources */,
				DD56331C26F924E7005B0CBD /* AutoGallery.swift in Sources */,
				DD6260E826F9FE90005F839F /* ConfigureMainScreenViewController.swift in Sources */,
				DD02C30A26F9C7EB008FFCD0 /* MainCell.swift in Sources */,
				DD5632FE26F9237D005B0CBD /* AppDelegate.swift in Sources */,
				DD56332826F92F55005B0CBD /* CarCell.swift in Sources */,
				DD6260EF26FA02F4005F839F /* CustomButton.swift in Sources */,
				DD02C30E26F9CCB6008FFCD0 /* SBCardPopupViewController.swift in Sources */,
				DD02C30426F9C5D8008FFCD0 /* MainViewController.swift in Sources */,
				DD56330026F9237D005B0CBD /* SceneDelegate.swift in Sources */,
				DD56332D26F93652005B0CBD /* NavigationCell.swift in Sources */,
			);
			runOnlyForDeploymentPostprocessing = 0;
		};
/* End PBXSourcesBuildPhase section */

/* Begin PBXVariantGroup section */
		DD56330326F9237D005B0CBD /* Main.storyboard */ = {
			isa = PBXVariantGroup;
			children = (
				DD56330426F9237D005B0CBD /* Base */,
			);
			name = Main.storyboard;
			sourceTree = "<group>";
		};
		DD56330826F9237F005B0CBD /* LaunchScreen.storyboard */ = {
			isa = PBXVariantGroup;
			children = (
				DD56330926F9237F005B0CBD /* Base */,
			);
			name = LaunchScreen.storyboard;
			sourceTree = "<group>";
		};
/* End PBXVariantGroup section */

/* Begin XCBuildConfiguration section */
		DD56330C26F9237F005B0CBD /* Debug */ = {
			isa = XCBuildConfiguration;
			buildSettings = {
				ALWAYS_SEARCH_USER_PATHS = NO;
				CLANG_ANALYZER_NONNULL = YES;
				CLANG_ANALYZER_NUMBER_OBJECT_CONVERSION = YES_AGGRESSIVE;
				CLANG_CXX_LANGUAGE_STANDARD = "gnu++14";
				CLANG_CXX_LIBRARY = "libc++";
				CLANG_ENABLE_MODULES = YES;
				CLANG_ENABLE_OBJC_ARC = YES;
				CLANG_ENABLE_OBJC_WEAK = YES;
				CLANG_WARN_BLOCK_CAPTURE_AUTORELEASING = YES;
				CLANG_WARN_BOOL_CONVERSION = YES;
				CLANG_WARN_COMMA = YES;
				CLANG_WARN_CONSTANT_CONVERSION = YES;
				CLANG_WARN_DEPRECATED_OBJC_IMPLEMENTATIONS = YES;
				CLANG_WARN_DIRECT_OBJC_ISA_USAGE = YES_ERROR;
				CLANG_WARN_DOCUMENTATION_COMMENTS = YES;
				CLANG_WARN_EMPTY_BODY = YES;
				CLANG_WARN_ENUM_CONVERSION = YES;
				CLANG_WARN_INFINITE_RECURSION = YES;
				CLANG_WARN_INT_CONVERSION = YES;
				CLANG_WARN_NON_LITERAL_NULL_CONVERSION = YES;
				CLANG_WARN_OBJC_IMPLICIT_RETAIN_SELF = YES;
				CLANG_WARN_OBJC_LITERAL_CONVERSION = YES;
				CLANG_WARN_OBJC_ROOT_CLASS = YES_ERROR;
				CLANG_WARN_QUOTED_INCLUDE_IN_FRAMEWORK_HEADER = YES;
				CLANG_WARN_RANGE_LOOP_ANALYSIS = YES;
				CLANG_WARN_STRICT_PROTOTYPES = YES;
				CLANG_WARN_SUSPICIOUS_MOVE = YES;
				CLANG_WARN_UNGUARDED_AVAILABILITY = YES_AGGRESSIVE;
				CLANG_WARN_UNREACHABLE_CODE = YES;
				CLANG_WARN__DUPLICATE_METHOD_MATCH = YES;
				COPY_PHASE_STRIP = NO;
				DEBUG_INFORMATION_FORMAT = dwarf;
				ENABLE_STRICT_OBJC_MSGSEND = YES;
				ENABLE_TESTABILITY = YES;
				GCC_C_LANGUAGE_STANDARD = gnu11;
				GCC_DYNAMIC_NO_PIC = NO;
				GCC_NO_COMMON_BLOCKS = YES;
				GCC_OPTIMIZATION_LEVEL = 0;
				GCC_PREPROCESSOR_DEFINITIONS = (
					"DEBUG=1",
					"$(inherited)",
				);
				GCC_WARN_64_TO_32_BIT_CONVERSION = YES;
				GCC_WARN_ABOUT_RETURN_TYPE = YES_ERROR;
				GCC_WARN_UNDECLARED_SELECTOR = YES;
				GCC_WARN_UNINITIALIZED_AUTOS = YES_AGGRESSIVE;
				GCC_WARN_UNUSED_FUNCTION = YES;
				GCC_WARN_UNUSED_VARIABLE = YES;
				IPHONEOS_DEPLOYMENT_TARGET = 14.4;
				MTL_ENABLE_DEBUG_INFO = INCLUDE_SOURCE;
				MTL_FAST_MATH = YES;
				ONLY_ACTIVE_ARCH = YES;
				SDKROOT = iphoneos;
				SWIFT_ACTIVE_COMPILATION_CONDITIONS = DEBUG;
				SWIFT_OPTIMIZATION_LEVEL = "-Onone";
			};
			name = Debug;
		};
		DD56330D26F9237F005B0CBD /* Release */ = {
			isa = XCBuildConfiguration;
			buildSettings = {
				ALWAYS_SEARCH_USER_PATHS = NO;
				CLANG_ANALYZER_NONNULL = YES;
				CLANG_ANALYZER_NUMBER_OBJECT_CONVERSION = YES_AGGRESSIVE;
				CLANG_CXX_LANGUAGE_STANDARD = "gnu++14";
				CLANG_CXX_LIBRARY = "libc++";
				CLANG_ENABLE_MODULES = YES;
				CLANG_ENABLE_OBJC_ARC = YES;
				CLANG_ENABLE_OBJC_WEAK = YES;
				CLANG_WARN_BLOCK_CAPTURE_AUTORELEASING = YES;
				CLANG_WARN_BOOL_CONVERSION = YES;
				CLANG_WARN_COMMA = YES;
				CLANG_WARN_CONSTANT_CONVERSION = YES;
				CLANG_WARN_DEPRECATED_OBJC_IMPLEMENTATIONS = YES;
				CLANG_WARN_DIRECT_OBJC_ISA_USAGE = YES_ERROR;
				CLANG_WARN_DOCUMENTATION_COMMENTS = YES;
				CLANG_WARN_EMPTY_BODY = YES;
				CLANG_WARN_ENUM_CONVERSION = YES;
				CLANG_WARN_INFINITE_RECURSION = YES;
				CLANG_WARN_INT_CONVERSION = YES;
				CLANG_WARN_NON_LITERAL_NULL_CONVERSION = YES;
				CLANG_WARN_OBJC_IMPLICIT_RETAIN_SELF = YES;
				CLANG_WARN_OBJC_LITERAL_CONVERSION = YES;
				CLANG_WARN_OBJC_ROOT_CLASS = YES_ERROR;
				CLANG_WARN_QUOTED_INCLUDE_IN_FRAMEWORK_HEADER = YES;
				CLANG_WARN_RANGE_LOOP_ANALYSIS = YES;
				CLANG_WARN_STRICT_PROTOTYPES = YES;
				CLANG_WARN_SUSPICIOUS_MOVE = YES;
				CLANG_WARN_UNGUARDED_AVAILABILITY = YES_AGGRESSIVE;
				CLANG_WARN_UNREACHABLE_CODE = YES;
				CLANG_WARN__DUPLICATE_METHOD_MATCH = YES;
				COPY_PHASE_STRIP = NO;
				DEBUG_INFORMATION_FORMAT = "dwarf-with-dsym";
				ENABLE_NS_ASSERTIONS = NO;
				ENABLE_STRICT_OBJC_MSGSEND = YES;
				GCC_C_LANGUAGE_STANDARD = gnu11;
				GCC_NO_COMMON_BLOCKS = YES;
				GCC_WARN_64_TO_32_BIT_CONVERSION = YES;
				GCC_WARN_ABOUT_RETURN_TYPE = YES_ERROR;
				GCC_WARN_UNDECLARED_SELECTOR = YES;
				GCC_WARN_UNINITIALIZED_AUTOS = YES_AGGRESSIVE;
				GCC_WARN_UNUSED_FUNCTION = YES;
				GCC_WARN_UNUSED_VARIABLE = YES;
				IPHONEOS_DEPLOYMENT_TARGET = 14.4;
				MTL_ENABLE_DEBUG_INFO = NO;
				MTL_FAST_MATH = YES;
				SDKROOT = iphoneos;
				SWIFT_COMPILATION_MODE = wholemodule;
				SWIFT_OPTIMIZATION_LEVEL = "-O";
				VALIDATE_PRODUCT = YES;
			};
			name = Release;
		};
		DD56330F26F9237F005B0CBD /* Debug */ = {
			isa = XCBuildConfiguration;
			buildSettings = {
				ASSETCATALOG_COMPILER_APPICON_NAME = AppIcon;
				ASSETCATALOG_COMPILER_GLOBAL_ACCENT_COLOR_NAME = AccentColor;
				CODE_SIGN_STYLE = Automatic;
				DEVELOPMENT_TEAM = ZGCXWM78C4;
				INFOPLIST_FILE = "Auto gallery/Info.plist";
				LD_RUNPATH_SEARCH_PATHS = (
					"$(inherited)",
					"@executable_path/Frameworks",
				);
				PRODUCT_BUNDLE_IDENTIFIER = "com.rollingscopesschoolstudent.Auto-gallery";
				PRODUCT_NAME = "$(TARGET_NAME)";
				SWIFT_VERSION = 5.0;
				TARGETED_DEVICE_FAMILY = "1,2";
			};
			name = Debug;
		};
		DD56331026F9237F005B0CBD /* Release */ = {
			isa = XCBuildConfiguration;
			buildSettings = {
				ASSETCATALOG_COMPILER_APPICON_NAME = AppIcon;
				ASSETCATALOG_COMPILER_GLOBAL_ACCENT_COLOR_NAME = AccentColor;
				CODE_SIGN_STYLE = Automatic;
				DEVELOPMENT_TEAM = ZGCXWM78C4;
				INFOPLIST_FILE = "Auto gallery/Info.plist";
				LD_RUNPATH_SEARCH_PATHS = (
					"$(inherited)",
					"@executable_path/Frameworks",
				);
				PRODUCT_BUNDLE_IDENTIFIER = "com.rollingscopesschoolstudent.Auto-gallery";
				PRODUCT_NAME = "$(TARGET_NAME)";
				SWIFT_VERSION = 5.0;
				TARGETED_DEVICE_FAMILY = "1,2";
			};
			name = Release;
		};
/* End XCBuildConfiguration section */

/* Begin XCConfigurationList section */
		DD5632F526F9237D005B0CBD /* Build configuration list for PBXProject "Auto gallery" */ = {
			isa = XCConfigurationList;
			buildConfigurations = (
				DD56330C26F9237F005B0CBD /* Debug */,
				DD56330D26F9237F005B0CBD /* Release */,
			);
			defaultConfigurationIsVisible = 0;
			defaultConfigurationName = Release;
		};
		DD56330E26F9237F005B0CBD /* Build configuration list for PBXNativeTarget "Auto gallery" */ = {
			isa = XCConfigurationList;
			buildConfigurations = (
				DD56330F26F9237F005B0CBD /* Debug */,
				DD56331026F9237F005B0CBD /* Release */,
			);
			defaultConfigurationIsVisible = 0;
			defaultConfigurationName = Release;
		};
/* End XCConfigurationList section */
	};
	rootObject = DD5632F226F9237D005B0CBD /* Project object */;
}
